// !$*UTF8*$!
{
	archiveVersion = 1;
	classes = {
	};
	objectVersion = 46;
	objects = {

/* Begin PBXBuildFile section */
		C11E9F581B3005E200A92AAF /* AppDelegate.swift in Sources */ = {isa = PBXBuildFile; fileRef = C11E9F571B3005E200A92AAF /* AppDelegate.swift */; };
		C11E9F5A1B3005E200A92AAF /* ViewController.swift in Sources */ = {isa = PBXBuildFile; fileRef = C11E9F591B3005E200A92AAF /* ViewController.swift */; };
		C11E9F5D1B3005E200A92AAF /* Main.storyboard in Resources */ = {isa = PBXBuildFile; fileRef = C11E9F5B1B3005E200A92AAF /* Main.storyboard */; };
		C11E9F5F1B3005E200A92AAF /* Images.xcassets in Resources */ = {isa = PBXBuildFile; fileRef = C11E9F5E1B3005E200A92AAF /* Images.xcassets */; };
		C11E9F621B3005E200A92AAF /* LaunchScreen.xib in Resources */ = {isa = PBXBuildFile; fileRef = C11E9F601B3005E200A92AAF /* LaunchScreen.xib */; };
		C11E9F6E1B3005E200A92AAF /* StopwatchTests.swift in Sources */ = {isa = PBXBuildFile; fileRef = C11E9F6D1B3005E200A92AAF /* StopwatchTests.swift */; };
/* End PBXBuildFile section */

/* Begin PBXContainerItemProxy section */
		C11E9F681B3005E200A92AAF /* PBXContainerItemProxy */ = {
			isa = PBXContainerItemProxy;
			containerPortal = C11E9F4A1B3005E200A92AAF /* Project object */;
			proxyType = 1;
			remoteGlobalIDString = C11E9F511B3005E200A92AAF;
			remoteInfo = Stopwatch;
		};
/* End PBXContainerItemProxy section */

/* Begin PBXFileReference section */
		C11E9F521B3005E200A92AAF /* Stopwatch.app */ = {isa = PBXFileReference; explicitFileType = wrapper.application; includeInIndex = 0; path = Stopwatch.app; sourceTree = BUILT_PRODUCTS_DIR; };
		C11E9F561B3005E200A92AAF /* Info.plist */ = {isa = PBXFileReference; lastKnownFileType = text.plist.xml; path = Info.plist; sourceTree = "<group>"; };
		C11E9F571B3005E200A92AAF /* AppDelegate.swift */ = {isa = PBXFileReference; lastKnownFileType = sourcecode.swift; path = AppDelegate.swift; sourceTree = "<group>"; };
		C11E9F591B3005E200A92AAF /* ViewController.swift */ = {isa = PBXFileReference; lastKnownFileType = sourcecode.swift; path = ViewController.swift; sourceTree = "<group>"; };
		C11E9F5C1B3005E200A92AAF /* Base */ = {isa = PBXFileReference; lastKnownFileType = file.storyboard; name = Base; path = Base.lproj/Main.storyboard; sourceTree = "<group>"; };
		C11E9F5E1B3005E200A92AAF /* Images.xcassets */ = {isa = PBXFileReference; lastKnownFileType = folder.assetcatalog; path = Images.xcassets; sourceTree = "<group>"; };
		C11E9F611B3005E200A92AAF /* Base */ = {isa = PBXFileReference; lastKnownFileType = file.xib; name = Base; path = Base.lproj/LaunchScreen.xib; sourceTree = "<group>"; };
		C11E9F671B3005E200A92AAF /* StopwatchTests.xctest */ = {isa = PBXFileReference; explicitFileType = wrapper.cfbundle; includeInIndex = 0; path = StopwatchTests.xctest; sourceTree = BUILT_PRODUCTS_DIR; };
		C11E9F6C1B3005E200A92AAF /* Info.plist */ = {isa = PBXFileReference; lastKnownFileType = text.plist.xml; path = Info.plist; sourceTree = "<group>"; };
		C11E9F6D1B3005E200A92AAF /* StopwatchTests.swift */ = {isa = PBXFileReference; lastKnownFileType = sourcecode.swift; path = StopwatchTests.swift; sourceTree = "<group>"; };
/* End PBXFileReference section */

/* Begin PBXFrameworksBuildPhase section */
		C11E9F4F1B3005E200A92AAF /* Frameworks */ = {
			isa = PBXFrameworksBuildPhase;
			buildActionMask = 2147483647;
			files = (
			);
			runOnlyForDeploymentPostprocessing = 0;
		};
		C11E9F641B3005E200A92AAF /* Frameworks */ = {
			isa = PBXFrameworksBuildPhase;
			buildActionMask = 2147483647;
			files = (
			);
			runOnlyForDeploymentPostprocessing = 0;
		};
/* End PBXFrameworksBuildPhase section */

/* Begin PBXGroup section */
		C11E9F491B3005E200A92AAF = {
			isa = PBXGroup;
			children = (
				C11E9F541B3005E200A92AAF /* Stopwatch */,
				C11E9F6A1B3005E200A92AAF /* StopwatchTests */,
				C11E9F531B3005E200A92AAF /* Products */,
			);
			sourceTree = "<group>";
		};
		C11E9F531B3005E200A92AAF /* Products */ = {
			isa = PBXGroup;
			children = (
				C11E9F521B3005E200A92AAF /* Stopwatch.app */,
				C11E9F671B3005E200A92AAF /* StopwatchTests.xctest */,
			);
			name = Products;
			sourceTree = "<group>";
		};
		C11E9F541B3005E200A92AAF /* Stopwatch */ = {
			isa = PBXGroup;
			children = (
				C11E9F571B3005E200A92AAF /* AppDelegate.swift */,
				C11E9F591B3005E200A92AAF /* ViewController.swift */,
				C11E9F5B1B3005E200A92AAF /* Main.storyboard */,
				C11E9F5E1B3005E200A92AAF /* Images.xcassets */,
				C11E9F601B3005E200A92AAF /* LaunchScreen.xib */,
				C11E9F551B3005E200A92AAF /* Supporting Files */,
			);
			path = Stopwatch;
			sourceTree = "<group>";
		};
		C11E9F551B3005E200A92AAF /* Supporting Files */ = {
			isa = PBXGroup;
			children = (
				C11E9F561B3005E200A92AAF /* Info.plist */,
			);
			name = "Supporting Files";
			sourceTree = "<group>";
		};
		C11E9F6A1B3005E200A92AAF /* StopwatchTests */ = {
			isa = PBXGroup;
			children = (
				C11E9F6D1B3005E200A92AAF /* StopwatchTests.swift */,
				C11E9F6B1B3005E200A92AAF /* Supporting Files */,
			);
			path = StopwatchTests;
			sourceTree = "<group>";
		};
		C11E9F6B1B3005E200A92AAF /* Supporting Files */ = {
			isa = PBXGroup;
			children = (
				C11E9F6C1B3005E200A92AAF /* Info.plist */,
			);
			name = "Supporting Files";
			sourceTree = "<group>";
		};
/* End PBXGroup section */

/* Begin PBXNativeTarget section */
		C11E9F511B3005E200A92AAF /* Stopwatch */ = {
			isa = PBXNativeTarget;
			buildConfigurationList = C11E9F711B3005E200A92AAF /* Build configuration list for PBXNativeTarget "Stopwatch" */;
			buildPhases = (
				C11E9F4E1B3005E200A92AAF /* Sources */,
				C11E9F4F1B3005E200A92AAF /* Frameworks */,
				C11E9F501B3005E200A92AAF /* Resources */,
			);
			buildRules = (
			);
			dependencies = (
			);
			name = Stopwatch;
			productName = Stopwatch;
			productReference = C11E9F521B3005E200A92AAF /* Stopwatch.app */;
			productType = "com.apple.product-type.application";
		};
		C11E9F661B3005E200A92AAF /* StopwatchTests */ = {
			isa = PBXNativeTarget;
			buildConfigurationList = C11E9F741B3005E200A92AAF /* Build configuration list for PBXNativeTarget "StopwatchTests" */;
			buildPhases = (
				C11E9F631B3005E200A92AAF /* Sources */,
				C11E9F641B3005E200A92AAF /* Frameworks */,
				C11E9F651B3005E200A92AAF /* Resources */,
			);
			buildRules = (
			);
			dependencies = (
				C11E9F691B3005E200A92AAF /* PBXTargetDependency */,
			);
			name = StopwatchTests;
			productName = StopwatchTests;
			productReference = C11E9F671B3005E200A92AAF /* StopwatchTests.xctest */;
			productType = "com.apple.product-type.bundle.unit-test";
		};
/* End PBXNativeTarget section */

/* Begin PBXProject section */
		C11E9F4A1B3005E200A92AAF /* Project object */ = {
			isa = PBXProject;
			attributes = {
				LastUpgradeCheck = 0630;
				ORGANIZATIONNAME = "Tayseer Edouni";
				TargetAttributes = {
					C11E9F511B3005E200A92AAF = {
						CreatedOnToolsVersion = 6.3.2;
					};
					C11E9F661B3005E200A92AAF = {
						CreatedOnToolsVersion = 6.3.2;
						TestTargetID = C11E9F511B3005E200A92AAF;
					};
				};
			};
			buildConfigurationList = C11E9F4D1B3005E200A92AAF /* Build configuration list for PBXProject "Stopwatch" */;
			compatibilityVersion = "Xcode 3.2";
			developmentRegion = English;
			hasScannedForEncodings = 0;
			knownRegions = (
				en,
				Base,
			);
			mainGroup = C11E9F491B3005E200A92AAF;
			productRefGroup = C11E9F531B3005E200A92AAF /* Products */;
			projectDirPath = "";
			projectRoot = "";
			targets = (
				C11E9F511B3005E200A92AAF /* Stopwatch */,
				C11E9F661B3005E200A92AAF /* StopwatchTests */,
			);
		};
/* End PBXProject section */

/* Begin PBXResourcesBuildPhase section */
		C11E9F501B3005E200A92AAF /* Resources */ = {
			isa = PBXResourcesBuildPhase;
			buildActionMask = 2147483647;
			files = (
				C11E9F5D1B3005E200A92AAF /* Main.storyboard in Resources */,
				C11E9F621B3005E200A92AAF /* LaunchScreen.xib in Resources */,
				C11E9F5F1B3005E200A92AAF /* Images.xcassets in Resources */,
			);
			runOnlyForDeploymentPostprocessing = 0;
		};
		C11E9F651B3005E200A92AAF /* Resources */ = {
			isa = PBXResourcesBuildPhase;
			buildActionMask = 2147483647;
			files = (
			);
			runOnlyForDeploymentPostprocessing = 0;
		};
/* End PBXResourcesBuildPhase section */

/* Begin PBXSourcesBuildPhase section */
		C11E9F4E1B3005E200A92AAF /* Sources */ = {
			isa = PBXSourcesBuildPhase;
			buildActionMask = 2147483647;
			files = (
				C11E9F5A1B3005E200A92AAF /* ViewController.swift in Sources */,
				C11E9F581B3005E200A92AAF /* AppDelegate.swift in Sources */,
			);
			runOnlyForDeploymentPostprocessing = 0;
		};
		C11E9F631B3005E200A92AAF /* Sources */ = {
			isa = PBXSourcesBuildPhase;
			buildActionMask = 2147483647;
			files = (
				C11E9F6E1B3005E200A92AAF /* StopwatchTests.swift in Sources */,
			);
			runOnlyForDeploymentPostprocessing = 0;
		};
/* End PBXSourcesBuildPhase section */

/* Begin PBXTargetDependency section */
		C11E9F691B3005E200A92AAF /* PBXTargetDependency */ = {
			isa = PBXTargetDependency;
			target = C11E9F511B3005E200A92AAF /* Stopwatch */;
			targetProxy = C11E9F681B3005E200A92AAF /* PBXContainerItemProxy */;
		};
/* End PBXTargetDependency section */

/* Begin PBXVariantGroup section */
		C11E9F5B1B3005E200A92AAF /* Main.storyboard */ = {
			isa = PBXVariantGroup;
			children = (
				C11E9F5C1B3005E200A92AAF /* Base */,
			);
			name = Main.storyboard;
			sourceTree = "<group>";
		};
		C11E9F601B3005E200A92AAF /* LaunchScreen.xib */ = {
			isa = PBXVariantGroup;
			children = (
				C11E9F611B3005E200A92AAF /* Base */,
			);
			name = LaunchScreen.xib;
			sourceTree = "<group>";
		};
/* End PBXVariantGroup section */

/* Begin XCBuildConfiguration section */
		C11E9F6F1B3005E200A92AAF /* Debug */ = {
			isa = XCBuildConfiguration;
			buildSettings = {
				ALWAYS_SEARCH_USER_PATHS = NO;
				CLANG_CXX_LANGUAGE_STANDARD = "gnu++0x";
				CLANG_CXX_LIBRARY = "libc++";
				CLANG_ENABLE_MODULES = YES;
				CLANG_ENABLE_OBJC_ARC = YES;
				CLANG_WARN_BOOL_CONVERSION = YES;
				CLANG_WARN_CONSTANT_CONVERSION = YES;
				CLANG_WARN_DIRECT_OBJC_ISA_USAGE = YES_ERROR;
				CLANG_WARN_EMPTY_BODY = YES;
				CLANG_WARN_ENUM_CONVERSION = YES;
				CLANG_WARN_INT_CONVERSION = YES;
				CLANG_WARN_OBJC_ROOT_CLASS = YES_ERROR;
				CLANG_WARN_UNREACHABLE_CODE = YES;
				CLANG_WARN__DUPLICATE_METHOD_MATCH = YES;
				"CODE_SIGN_IDENTITY[sdk=iphoneos*]" = "iPhone Developer";
				COPY_PHASE_STRIP = NO;
				DEBUG_INFORMATION_FORMAT = "dwarf-with-dsym";
				ENABLE_STRICT_OBJC_MSGSEND = YES;
				GCC_C_LANGUAGE_STANDARD = gnu99;
				GCC_DYNAMIC_NO_PIC = NO;
				GCC_NO_COMMON_BLOCKS = YES;
				GCC_OPTIMIZATION_LEVEL = 0;
				GCC_PREPROCESSOR_DEFINITIONS = (
					"DEBUG=1",
					"$(inherited)",
				);
				GCC_SYMBOLS_PRIVATE_EXTERN = NO;
				GCC_WARN_64_TO_32_BIT_CONVERSION = YES;
				GCC_WARN_ABOUT_RETURN_TYPE = YES_ERROR;
				GCC_WARN_UNDECLARED_SELECTOR = YES;
				GCC_WARN_UNINITIALIZED_AUTOS = YES_AGGRESSIVE;
				GCC_WARN_UNUSED_FUNCTION = YES;
				GCC_WARN_UNUSED_VARIABLE = YES;
				IPHONEOS_DEPLOYMENT_TARGET = 8.3;
				MTL_ENABLE_DEBUG_INFO = YES;
				ONLY_ACTIVE_ARCH = YES;
				SDKROOT = iphoneos;
				SWIFT_OPTIMIZATION_LEVEL = "-Onone";
			};
			name = Debug;
		};
		C11E9F701B3005E200A92AAF /* Release */ = {
			isa = XCBuildConfiguration;
			buildSettings = {
				ALWAYS_SEARCH_USER_PATHS = NO;
				CLANG_CXX_LANGUAGE_STANDARD = "gnu++0x";
				CLANG_CXX_LIBRARY = "libc++";
				CLANG_ENABLE_MODULES = YES;
				CLANG_ENABLE_OBJC_ARC = YES;
				CLANG_WARN_BOOL_CONVERSION = YES;
				CLANG_WARN_CONSTANT_CONVERSION = YES;
				CLANG_WARN_DIRECT_OBJC_ISA_USAGE = YES_ERROR;
				CLANG_WARN_EMPTY_BODY = YES;
				CLANG_WARN_ENUM_CONVERSION = YES;
				CLANG_WARN_INT_CONVERSION = YES;
				CLANG_WARN_OBJC_ROOT_CLASS = YES_ERROR;
				CLANG_WARN_UNREACHABLE_CODE = YES;
				CLANG_WARN__DUPLICATE_METHOD_MATCH = YES;
				"CODE_SIGN_IDENTITY[sdk=iphoneos*]" = "iPhone Developer";
				COPY_PHASE_STRIP = NO;
				DEBUG_INFORMATION_FORMAT = "dwarf-with-dsym";
				ENABLE_NS_ASSERTIONS = NO;
				ENABLE_STRICT_OBJC_MSGSEND = YES;
				GCC_C_LANGUAGE_STANDARD = gnu99;
				GCC_NO_COMMON_BLOCKS = YES;
				GCC_WARN_64_TO_32_BIT_CONVERSION = YES;
				GCC_WARN_ABOUT_RETURN_TYPE = YES_ERROR;
				GCC_WARN_UNDECLARED_SELECTOR = YES;
				GCC_WARN_UNINITIALIZED_AUTOS = YES_AGGRESSIVE;
				GCC_WARN_UNUSED_FUNCTION = YES;
				GCC_WARN_UNUSED_VARIABLE = YES;
				IPHONEOS_DEPLOYMENT_TARGET = 8.3;
				MTL_ENABLE_DEBUG_INFO = NO;
				SDKROOT = iphoneos;
				VALIDATE_PRODUCT = YES;
			};
			name = Release;
		};
		C11E9F721B3005E200A92AAF /* Debug */ = {
			isa = XCBuildConfiguration;
			buildSettings = {
				ASSETCATALOG_COMPILER_APPICON_NAME = AppIcon;
				INFOPLIST_FILE = Stopwatch/Info.plist;
				LD_RUNPATH_SEARCH_PATHS = "$(inherited) @executable_path/Frameworks";
				PRODUCT_NAME = "$(TARGET_NAME)";
			};
			name = Debug;
		};
		C11E9F731B3005E200A92AAF /* Release */ = {
			isa = XCBuildConfiguration;
			buildSettings = {
				ASSETCATALOG_COMPILER_APPICON_NAME = AppIcon;
				INFOPLIST_FILE = Stopwatch/Info.plist;
				LD_RUNPATH_SEARCH_PATHS = "$(inherited) @executable_path/Frameworks";
				PRODUCT_NAME = "$(TARGET_NAME)";
			};
			name = Release;
		};
		C11E9F751B3005E200A92AAF /* Debug */ = {
			isa = XCBuildConfiguration;
			buildSettings = {
				BUNDLE_LOADER = "$(TEST_HOST)";
				FRAMEWORK_SEARCH_PATHS = (
					"$(SDKROOT)/Developer/Library/Frameworks",
					"$(inherited)",
				);
				GCC_PREPROCESSOR_DEFINITIONS = (
					"DEBUG=1",
					"$(inherited)",
				);
				INFOPLIST_FILE = StopwatchTests/Info.plist;
				LD_RUNPATH_SEARCH_PATHS = "$(inherited) @executable_path/Frameworks @loader_path/Frameworks";
				PRODUCT_NAME = "$(TARGET_NAME)";
				TEST_HOST = "$(BUILT_PRODUCTS_DIR)/Stopwatch.app/Stopwatch";
			};
			name = Debug;
		};
		C11E9F761B3005E200A92AAF /* Release */ = {
			isa = XCBuildConfiguration;
			buildSettings = {
				BUNDLE_LOADER = "$(TEST_HOST)";
				FRAMEWORK_SEARCH_PATHS = (
					"$(SDKROOT)/Developer/Library/Frameworks",
					"$(inherited)",
				);
				INFOPLIST_FILE = StopwatchTests/Info.plist;
				LD_RUNPATH_SEARCH_PATHS = "$(inherited) @executable_path/Frameworks @loader_path/Frameworks";
				PRODUCT_NAME = "$(TARGET_NAME)";
				TEST_HOST = "$(BUILT_PRODUCTS_DIR)/Stopwatch.app/Stopwatch";
			};
			name = Release;
		};
/* End XCBuildConfiguration section */

/* Begin XCConfigurationList section */
		C11E9F4D1B3005E200A92AAF /* Build configuration list for PBXProject "Stopwatch" */ = {
			isa = XCConfigurationList;
			buildConfigurations = (
				C11E9F6F1B3005E200A92AAF /* Debug */,
				C11E9F701B3005E200A92AAF /* Release */,
			);
			defaultConfigurationIsVisible = 0;
			defaultConfigurationName = Release;
		};
		C11E9F711B3005E200A92AAF /* Build configuration list for PBXNativeTarget "Stopwatch" */ = {
			isa = XCConfigurationList;
			buildConfigurations = (
				C11E9F721B3005E200A92AAF /* Debug */,
				C11E9F731B3005E200A92AAF /* Release */,
			);
			defaultConfigurationIsVisible = 0;
		};
		C11E9F741B3005E200A92AAF /* Build configuration list for PBXNativeTarget "StopwatchTests" */ = {
			isa = XCConfigurationList;
			buildConfigurations = (
				C11E9F751B3005E200A92AAF /* Debug */,
				C11E9F761B3005E200A92AAF /* Release */,
			);
			defaultConfigurationIsVisible = 0;
		};
/* End XCConfigurationList section */
	};
	rootObject = C11E9F4A1B3005E200A92AAF /* Project object */;
}
